// !$*UTF8*$!
{
	archiveVersion = 1;
	classes = {
	};
	objectVersion = 55;
	objects = {

/* Begin PBXBuildFile section */
		37222F0D293D4FA800798C28 /* Poppins-ThinItalic.ttf in Resources */ = {isa = PBXBuildFile; fileRef = 37222EFA293D4FA600798C28 /* Poppins-ThinItalic.ttf */; };
		37222F12293D4FA800798C28 /* Poppins-BoldItalic.ttf in Resources */ = {isa = PBXBuildFile; fileRef = 37222EFF293D4FA700798C28 /* Poppins-BoldItalic.ttf */; };
		37222F13293D4FA800798C28 /* Poppins-Bold.ttf in Resources */ = {isa = PBXBuildFile; fileRef = 37222F00293D4FA700798C28 /* Poppins-Bold.ttf */; };
		37222F1A293D4FA800798C28 /* Poppins-Thin.ttf in Resources */ = {isa = PBXBuildFile; fileRef = 37222F07293D4FA700798C28 /* Poppins-Thin.ttf */; };
		37222F1D293D4FA800798C28 /* Poppins-Italic.ttf in Resources */ = {isa = PBXBuildFile; fileRef = 37222F0A293D4FA800798C28 /* Poppins-Italic.ttf */; };
		37222F1E293D4FA800798C28 /* Poppins-Regular.ttf in Resources */ = {isa = PBXBuildFile; fileRef = 37222F0B293D4FA800798C28 /* Poppins-Regular.ttf */; };
		37222F21293D514A00798C28 /* Poppins-SemiBold.ttf in Resources */ = {isa = PBXBuildFile; fileRef = 37222F1F293D514A00798C28 /* Poppins-SemiBold.ttf */; };
		37222F22293D514A00798C28 /* Poppins-SemiBoldItalic.ttf in Resources */ = {isa = PBXBuildFile; fileRef = 37222F20293D514A00798C28 /* Poppins-SemiBoldItalic.ttf */; };
		3730AF97291EB85700612316 /* AppDelegate.swift in Sources */ = {isa = PBXBuildFile; fileRef = 3730AF96291EB85700612316 /* AppDelegate.swift */; };
		3730AF99291EB85700612316 /* SceneDelegate.swift in Sources */ = {isa = PBXBuildFile; fileRef = 3730AF98291EB85700612316 /* SceneDelegate.swift */; };
		3730AF9B291EB85700612316 /* ViewController.swift in Sources */ = {isa = PBXBuildFile; fileRef = 3730AF9A291EB85700612316 /* ViewController.swift */; };
		3730AF9E291EB85700612316 /* Main.storyboard in Resources */ = {isa = PBXBuildFile; fileRef = 3730AF9C291EB85700612316 /* Main.storyboard */; };
		3730AFA0291EB85800612316 /* Assets.xcassets in Resources */ = {isa = PBXBuildFile; fileRef = 3730AF9F291EB85800612316 /* Assets.xcassets */; };
		3730AFA3291EB85800612316 /* LaunchScreen.storyboard in Resources */ = {isa = PBXBuildFile; fileRef = 3730AFA1291EB85800612316 /* LaunchScreen.storyboard */; };
		3730AFAC291EB89300612316 /* GameKit.framework in Frameworks */ = {isa = PBXBuildFile; fileRef = 3730AFAB291EB89300612316 /* GameKit.framework */; };
		C24A7E832929418C002433A8 /* KeyboardViewController.swift in Sources */ = {isa = PBXBuildFile; fileRef = C24A7E822929418C002433A8 /* KeyboardViewController.swift */; };
		C24A7E852929419E002433A8 /* BoardViewController.swift in Sources */ = {isa = PBXBuildFile; fileRef = C24A7E842929419E002433A8 /* BoardViewController.swift */; };
		C24A7E8729294276002433A8 /* WordleyViewController.swift in Sources */ = {isa = PBXBuildFile; fileRef = C24A7E8629294276002433A8 /* WordleyViewController.swift */; };
		C24A7E8929294EEC002433A8 /* KeyCell.swift in Sources */ = {isa = PBXBuildFile; fileRef = C24A7E8829294EEC002433A8 /* KeyCell.swift */; };
		C25F88022933DA5300A3CB59 /* SlideItViewController.swift in Sources */ = {isa = PBXBuildFile; fileRef = C25F88012933DA5300A3CB59 /* SlideItViewController.swift */; };
/* End PBXBuildFile section */

/* Begin PBXFileReference section */
		37222EFA293D4FA600798C28 /* Poppins-ThinItalic.ttf */ = {isa = PBXFileReference; lastKnownFileType = file; path = "Poppins-ThinItalic.ttf"; sourceTree = "<group>"; };
		37222EFF293D4FA700798C28 /* Poppins-BoldItalic.ttf */ = {isa = PBXFileReference; lastKnownFileType = file; path = "Poppins-BoldItalic.ttf"; sourceTree = "<group>"; };
		37222F00293D4FA700798C28 /* Poppins-Bold.ttf */ = {isa = PBXFileReference; lastKnownFileType = file; path = "Poppins-Bold.ttf"; sourceTree = "<group>"; };
		37222F07293D4FA700798C28 /* Poppins-Thin.ttf */ = {isa = PBXFileReference; lastKnownFileType = file; path = "Poppins-Thin.ttf"; sourceTree = "<group>"; };
		37222F0A293D4FA800798C28 /* Poppins-Italic.ttf */ = {isa = PBXFileReference; lastKnownFileType = file; path = "Poppins-Italic.ttf"; sourceTree = "<group>"; };
		37222F0B293D4FA800798C28 /* Poppins-Regular.ttf */ = {isa = PBXFileReference; lastKnownFileType = file; path = "Poppins-Regular.ttf"; sourceTree = "<group>"; };
		37222F1F293D514A00798C28 /* Poppins-SemiBold.ttf */ = {isa = PBXFileReference; lastKnownFileType = file; path = "Poppins-SemiBold.ttf"; sourceTree = "<group>"; };
		37222F20293D514A00798C28 /* Poppins-SemiBoldItalic.ttf */ = {isa = PBXFileReference; lastKnownFileType = file; path = "Poppins-SemiBoldItalic.ttf"; sourceTree = "<group>"; };
		3730AF93291EB85700612316 /* Plasticiti.app */ = {isa = PBXFileReference; explicitFileType = wrapper.application; includeInIndex = 0; path = Plasticiti.app; sourceTree = BUILT_PRODUCTS_DIR; };
		3730AF96291EB85700612316 /* AppDelegate.swift */ = {isa = PBXFileReference; lastKnownFileType = sourcecode.swift; path = AppDelegate.swift; sourceTree = "<group>"; };
		3730AF98291EB85700612316 /* SceneDelegate.swift */ = {isa = PBXFileReference; lastKnownFileType = sourcecode.swift; path = SceneDelegate.swift; sourceTree = "<group>"; };
		3730AF9A291EB85700612316 /* ViewController.swift */ = {isa = PBXFileReference; lastKnownFileType = sourcecode.swift; path = ViewController.swift; sourceTree = "<group>"; };
		3730AF9D291EB85700612316 /* Base */ = {isa = PBXFileReference; lastKnownFileType = file.storyboard; name = Base; path = Base.lproj/Main.storyboard; sourceTree = "<group>"; };
		3730AF9F291EB85800612316 /* Assets.xcassets */ = {isa = PBXFileReference; lastKnownFileType = folder.assetcatalog; path = Assets.xcassets; sourceTree = "<group>"; };
		3730AFA2291EB85800612316 /* Base */ = {isa = PBXFileReference; lastKnownFileType = file.storyboard; name = Base; path = Base.lproj/LaunchScreen.storyboard; sourceTree = "<group>"; };
		3730AFA4291EB85800612316 /* Info.plist */ = {isa = PBXFileReference; lastKnownFileType = text.plist.xml; path = Info.plist; sourceTree = "<group>"; };
		3730AFAB291EB89300612316 /* GameKit.framework */ = {isa = PBXFileReference; lastKnownFileType = wrapper.framework; name = GameKit.framework; path = System/Library/Frameworks/GameKit.framework; sourceTree = SDKROOT; };
		3730AFAD291EB89800612316 /* Plasticiti.entitlements */ = {isa = PBXFileReference; lastKnownFileType = text.plist.entitlements; path = Plasticiti.entitlements; sourceTree = "<group>"; };
		C24A7E822929418C002433A8 /* KeyboardViewController.swift */ = {isa = PBXFileReference; lastKnownFileType = sourcecode.swift; path = KeyboardViewController.swift; sourceTree = "<group>"; };
		C24A7E842929419E002433A8 /* BoardViewController.swift */ = {isa = PBXFileReference; lastKnownFileType = sourcecode.swift; path = BoardViewController.swift; sourceTree = "<group>"; };
		C24A7E8629294276002433A8 /* WordleyViewController.swift */ = {isa = PBXFileReference; lastKnownFileType = sourcecode.swift; path = WordleyViewController.swift; sourceTree = "<group>"; };
		C24A7E8829294EEC002433A8 /* KeyCell.swift */ = {isa = PBXFileReference; lastKnownFileType = sourcecode.swift; path = KeyCell.swift; sourceTree = "<group>"; };
		C25F88012933DA5300A3CB59 /* SlideItViewController.swift */ = {isa = PBXFileReference; lastKnownFileType = sourcecode.swift; path = SlideItViewController.swift; sourceTree = "<group>"; };
/* End PBXFileReference section */

/* Begin PBXFrameworksBuildPhase section */
		3730AF90291EB85700612316 /* Frameworks */ = {
			isa = PBXFrameworksBuildPhase;
			buildActionMask = 2147483647;
			files = (
				3730AFAC291EB89300612316 /* GameKit.framework in Frameworks */,
			);
			runOnlyForDeploymentPostprocessing = 0;
		};
/* End PBXFrameworksBuildPhase section */

/* Begin PBXGroup section */
		3730AF8A291EB85700612316 = {
			isa = PBXGroup;
			children = (
				3730AF95291EB85700612316 /* Plasticiti */,
				3730AF94291EB85700612316 /* Products */,
				3730AFAA291EB89300612316 /* Frameworks */,
			);
			sourceTree = "<group>";
		};
		3730AF94291EB85700612316 /* Products */ = {
			isa = PBXGroup;
			children = (
				3730AF93291EB85700612316 /* Plasticiti.app */,
			);
			name = Products;
			sourceTree = "<group>";
		};
		3730AF95291EB85700612316 /* Plasticiti */ = {
			isa = PBXGroup;
			children = (
				3730AFAD291EB89800612316 /* Plasticiti.entitlements */,
				3730AF96291EB85700612316 /* AppDelegate.swift */,
				3730AF98291EB85700612316 /* SceneDelegate.swift */,
				3730AF9A291EB85700612316 /* ViewController.swift */,
				3730AF9C291EB85700612316 /* Main.storyboard */,
				37222F1F293D514A00798C28 /* Poppins-SemiBold.ttf */,
				37222F20293D514A00798C28 /* Poppins-SemiBoldItalic.ttf */,
				37222F00293D4FA700798C28 /* Poppins-Bold.ttf */,
				37222EFF293D4FA700798C28 /* Poppins-BoldItalic.ttf */,
				37222F0A293D4FA800798C28 /* Poppins-Italic.ttf */,
				37222F0B293D4FA800798C28 /* Poppins-Regular.ttf */,
				37222F07293D4FA700798C28 /* Poppins-Thin.ttf */,
				37222EFA293D4FA600798C28 /* Poppins-ThinItalic.ttf */,
				3730AF9F291EB85800612316 /* Assets.xcassets */,
				3730AFA1291EB85800612316 /* LaunchScreen.storyboard */,
				3730AFA4291EB85800612316 /* Info.plist */,
				C24A7E822929418C002433A8 /* KeyboardViewController.swift */,
				C24A7E842929419E002433A8 /* BoardViewController.swift */,
				C24A7E8629294276002433A8 /* WordleyViewController.swift */,
				C24A7E8829294EEC002433A8 /* KeyCell.swift */,
				C25F88012933DA5300A3CB59 /* SlideItViewController.swift */,
			);
			path = Plasticiti;
			sourceTree = "<group>";
		};
		3730AFAA291EB89300612316 /* Frameworks */ = {
			isa = PBXGroup;
			children = (
				3730AFAB291EB89300612316 /* GameKit.framework */,
			);
			name = Frameworks;
			sourceTree = "<group>";
		};
/* End PBXGroup section */

/* Begin PBXNativeTarget section */
		3730AF92291EB85700612316 /* Plasticiti */ = {
			isa = PBXNativeTarget;
			buildConfigurationList = 3730AFA7291EB85800612316 /* Build configuration list for PBXNativeTarget "Plasticiti" */;
			buildPhases = (
				3730AF8F291EB85700612316 /* Sources */,
				3730AF90291EB85700612316 /* Frameworks */,
				3730AF91291EB85700612316 /* Resources */,
			);
			buildRules = (
			);
			dependencies = (
			);
			name = Plasticiti;
			productName = Plasticiti;
			productReference = 3730AF93291EB85700612316 /* Plasticiti.app */;
			productType = "com.apple.product-type.application";
		};
/* End PBXNativeTarget section */

/* Begin PBXProject section */
		3730AF8B291EB85700612316 /* Project object */ = {
			isa = PBXProject;
			attributes = {
				BuildIndependentTargetsInParallel = 1;
				LastSwiftUpdateCheck = 1330;
				LastUpgradeCheck = 1330;
				TargetAttributes = {
					3730AF92291EB85700612316 = {
						CreatedOnToolsVersion = 13.3.1;
					};
				};
			};
			buildConfigurationList = 3730AF8E291EB85700612316 /* Build configuration list for PBXProject "Plasticiti" */;
			compatibilityVersion = "Xcode 13.0";
			developmentRegion = en;
			hasScannedForEncodings = 0;
			knownRegions = (
				en,
				Base,
			);
			mainGroup = 3730AF8A291EB85700612316;
			productRefGroup = 3730AF94291EB85700612316 /* Products */;
			projectDirPath = "";
			projectRoot = "";
			targets = (
				3730AF92291EB85700612316 /* Plasticiti */,
			);
		};
/* End PBXProject section */

/* Begin PBXResourcesBuildPhase section */
		3730AF91291EB85700612316 /* Resources */ = {
			isa = PBXResourcesBuildPhase;
			buildActionMask = 2147483647;
			files = (
				37222F22293D514A00798C28 /* Poppins-SemiBoldItalic.ttf in Resources */,
				3730AFA3291EB85800612316 /* LaunchScreen.storyboard in Resources */,
				37222F1A293D4FA800798C28 /* Poppins-Thin.ttf in Resources */,
				3730AFA0291EB85800612316 /* Assets.xcassets in Resources */,
				37222F1D293D4FA800798C28 /* Poppins-Italic.ttf in Resources */,
				37222F0D293D4FA800798C28 /* Poppins-ThinItalic.ttf in Resources */,
				37222F21293D514A00798C28 /* Poppins-SemiBold.ttf in Resources */,
				37222F13293D4FA800798C28 /* Poppins-Bold.ttf in Resources */,
				3730AF9E291EB85700612316 /* Main.storyboard in Resources */,
				37222F1E293D4FA800798C28 /* Poppins-Regular.ttf in Resources */,
				37222F12293D4FA800798C28 /* Poppins-BoldItalic.ttf in Resources */,
			);
			runOnlyForDeploymentPostprocessing = 0;
		};
/* End PBXResourcesBuildPhase section */

/* Begin PBXSourcesBuildPhase section */
		3730AF8F291EB85700612316 /* Sources */ = {
			isa = PBXSourcesBuildPhase;
			buildActionMask = 2147483647;
			files = (
				3730AF9B291EB85700612316 /* ViewController.swift in Sources */,
				C24A7E8929294EEC002433A8 /* KeyCell.swift in Sources */,
				C24A7E8729294276002433A8 /* WordleyViewController.swift in Sources */,
				C25F88022933DA5300A3CB59 /* SlideItViewController.swift in Sources */,
				3730AF97291EB85700612316 /* AppDelegate.swift in Sources */,
				3730AF99291EB85700612316 /* SceneDelegate.swift in Sources */,
				C24A7E832929418C002433A8 /* KeyboardViewController.swift in Sources */,
				C24A7E852929419E002433A8 /* BoardViewController.swift in Sources */,
			);
			runOnlyForDeploymentPostprocessing = 0;
		};
/* End PBXSourcesBuildPhase section */

/* Begin PBXVariantGroup section */
		3730AF9C291EB85700612316 /* Main.storyboard */ = {
			isa = PBXVariantGroup;
			children = (
				3730AF9D291EB85700612316 /* Base */,
			);
			name = Main.storyboard;
			sourceTree = "<group>";
		};
		3730AFA1291EB85800612316 /* LaunchScreen.storyboard */ = {
			isa = PBXVariantGroup;
			children = (
				3730AFA2291EB85800612316 /* Base */,
			);
			name = LaunchScreen.storyboard;
			sourceTree = "<group>";
		};
/* End PBXVariantGroup section */

/* Begin XCBuildConfiguration section */
		3730AFA5291EB85800612316 /* Debug */ = {
			isa = XCBuildConfiguration;
			buildSettings = {
				ALWAYS_SEARCH_USER_PATHS = NO;
				CLANG_ANALYZER_NONNULL = YES;
				CLANG_ANALYZER_NUMBER_OBJECT_CONVERSION = YES_AGGRESSIVE;
				CLANG_CXX_LANGUAGE_STANDARD = "gnu++17";
				CLANG_ENABLE_MODULES = YES;
				CLANG_ENABLE_OBJC_ARC = YES;
				CLANG_ENABLE_OBJC_WEAK = YES;
				CLANG_WARN_BLOCK_CAPTURE_AUTORELEASING = YES;
				CLANG_WARN_BOOL_CONVERSION = YES;
				CLANG_WARN_COMMA = YES;
				CLANG_WARN_CONSTANT_CONVERSION = YES;
				CLANG_WARN_DEPRECATED_OBJC_IMPLEMENTATIONS = YES;
				CLANG_WARN_DIRECT_OBJC_ISA_USAGE = YES_ERROR;
				CLANG_WARN_DOCUMENTATION_COMMENTS = YES;
				CLANG_WARN_EMPTY_BODY = YES;
				CLANG_WARN_ENUM_CONVERSION = YES;
				CLANG_WARN_INFINITE_RECURSION = YES;
				CLANG_WARN_INT_CONVERSION = YES;
				CLANG_WARN_NON_LITERAL_NULL_CONVERSION = YES;
				CLANG_WARN_OBJC_IMPLICIT_RETAIN_SELF = YES;
				CLANG_WARN_OBJC_LITERAL_CONVERSION = YES;
				CLANG_WARN_OBJC_ROOT_CLASS = YES_ERROR;
				CLANG_WARN_QUOTED_INCLUDE_IN_FRAMEWORK_HEADER = YES;
				CLANG_WARN_RANGE_LOOP_ANALYSIS = YES;
				CLANG_WARN_STRICT_PROTOTYPES = YES;
				CLANG_WARN_SUSPICIOUS_MOVE = YES;
				CLANG_WARN_UNGUARDED_AVAILABILITY = YES_AGGRESSIVE;
				CLANG_WARN_UNREACHABLE_CODE = YES;
				CLANG_WARN__DUPLICATE_METHOD_MATCH = YES;
				COPY_PHASE_STRIP = NO;
				DEBUG_INFORMATION_FORMAT = dwarf;
				ENABLE_STRICT_OBJC_MSGSEND = YES;
				ENABLE_TESTABILITY = YES;
				GCC_C_LANGUAGE_STANDARD = gnu11;
				GCC_DYNAMIC_NO_PIC = NO;
				GCC_NO_COMMON_BLOCKS = YES;
				GCC_OPTIMIZATION_LEVEL = 0;
				GCC_PREPROCESSOR_DEFINITIONS = (
					"DEBUG=1",
					"$(inherited)",
				);
				GCC_WARN_64_TO_32_BIT_CONVERSION = YES;
				GCC_WARN_ABOUT_RETURN_TYPE = YES_ERROR;
				GCC_WARN_UNDECLARED_SELECTOR = YES;
				GCC_WARN_UNINITIALIZED_AUTOS = YES_AGGRESSIVE;
				GCC_WARN_UNUSED_FUNCTION = YES;
				GCC_WARN_UNUSED_VARIABLE = YES;
				IPHONEOS_DEPLOYMENT_TARGET = 15.4;
				MTL_ENABLE_DEBUG_INFO = INCLUDE_SOURCE;
				MTL_FAST_MATH = YES;
				ONLY_ACTIVE_ARCH = YES;
				SDKROOT = iphoneos;
				SWIFT_ACTIVE_COMPILATION_CONDITIONS = DEBUG;
				SWIFT_OPTIMIZATION_LEVEL = "-Onone";
			};
			name = Debug;
		};
		3730AFA6291EB85800612316 /* Release */ = {
			isa = XCBuildConfiguration;
			buildSettings = {
				ALWAYS_SEARCH_USER_PATHS = NO;
				CLANG_ANALYZER_NONNULL = YES;
				CLANG_ANALYZER_NUMBER_OBJECT_CONVERSION = YES_AGGRESSIVE;
				CLANG_CXX_LANGUAGE_STANDARD = "gnu++17";
				CLANG_ENABLE_MODULES = YES;
				CLANG_ENABLE_OBJC_ARC = YES;
				CLANG_ENABLE_OBJC_WEAK = YES;
				CLANG_WARN_BLOCK_CAPTURE_AUTORELEASING = YES;
				CLANG_WARN_BOOL_CONVERSION = YES;
				CLANG_WARN_COMMA = YES;
				CLANG_WARN_CONSTANT_CONVERSION = YES;
				CLANG_WARN_DEPRECATED_OBJC_IMPLEMENTATIONS = YES;
				CLANG_WARN_DIRECT_OBJC_ISA_USAGE = YES_ERROR;
				CLANG_WARN_DOCUMENTATION_COMMENTS = YES;
				CLANG_WARN_EMPTY_BODY = YES;
				CLANG_WARN_ENUM_CONVERSION = YES;
				CLANG_WARN_INFINITE_RECURSION = YES;
				CLANG_WARN_INT_CONVERSION = YES;
				CLANG_WARN_NON_LITERAL_NULL_CONVERSION = YES;
				CLANG_WARN_OBJC_IMPLICIT_RETAIN_SELF = YES;
				CLANG_WARN_OBJC_LITERAL_CONVERSION = YES;
				CLANG_WARN_OBJC_ROOT_CLASS = YES_ERROR;
				CLANG_WARN_QUOTED_INCLUDE_IN_FRAMEWORK_HEADER = YES;
				CLANG_WARN_RANGE_LOOP_ANALYSIS = YES;
				CLANG_WARN_STRICT_PROTOTYPES = YES;
				CLANG_WARN_SUSPICIOUS_MOVE = YES;
				CLANG_WARN_UNGUARDED_AVAILABILITY = YES_AGGRESSIVE;
				CLANG_WARN_UNREACHABLE_CODE = YES;
				CLANG_WARN__DUPLICATE_METHOD_MATCH = YES;
				COPY_PHASE_STRIP = NO;
				DEBUG_INFORMATION_FORMAT = "dwarf-with-dsym";
				ENABLE_NS_ASSERTIONS = NO;
				ENABLE_STRICT_OBJC_MSGSEND = YES;
				GCC_C_LANGUAGE_STANDARD = gnu11;
				GCC_NO_COMMON_BLOCKS = YES;
				GCC_WARN_64_TO_32_BIT_CONVERSION = YES;
				GCC_WARN_ABOUT_RETURN_TYPE = YES_ERROR;
				GCC_WARN_UNDECLARED_SELECTOR = YES;
				GCC_WARN_UNINITIALIZED_AUTOS = YES_AGGRESSIVE;
				GCC_WARN_UNUSED_FUNCTION = YES;
				GCC_WARN_UNUSED_VARIABLE = YES;
				IPHONEOS_DEPLOYMENT_TARGET = 15.4;
				MTL_ENABLE_DEBUG_INFO = NO;
				MTL_FAST_MATH = YES;
				SDKROOT = iphoneos;
				SWIFT_COMPILATION_MODE = wholemodule;
				SWIFT_OPTIMIZATION_LEVEL = "-O";
				VALIDATE_PRODUCT = YES;
			};
			name = Release;
		};
		3730AFA8291EB85800612316 /* Debug */ = {
			isa = XCBuildConfiguration;
			buildSettings = {
				ASSETCATALOG_COMPILER_APPICON_NAME = AppIcon;
				ASSETCATALOG_COMPILER_GLOBAL_ACCENT_COLOR_NAME = AccentColor;
				ASSETCATALOG_COMPILER_INCLUDE_ALL_APPICON_ASSETS = YES;
				CODE_SIGN_ENTITLEMENTS = Plasticiti/Plasticiti.entitlements;
				CODE_SIGN_STYLE = Automatic;
				CURRENT_PROJECT_VERSION = 1;
				DEVELOPMENT_TEAM = ZV83F2R479;
				GENERATE_INFOPLIST_FILE = YES;
				INFOPLIST_FILE = Plasticiti/Info.plist;
				INFOPLIST_KEY_UIApplicationSupportsIndirectInputEvents = YES;
				INFOPLIST_KEY_UILaunchStoryboardName = LaunchScreen;
				INFOPLIST_KEY_UIMainStoryboardFile = Main;
				INFOPLIST_KEY_UIRequiredDeviceCapabilities = gamekit;
				INFOPLIST_KEY_UISupportedInterfaceOrientations = UIInterfaceOrientationPortrait;
				INFOPLIST_KEY_UISupportedInterfaceOrientations_iPad = "UIInterfaceOrientationPortrait UIInterfaceOrientationPortraitUpsideDown UIInterfaceOrientationLandscapeLeft UIInterfaceOrientationLandscapeRight";
				INFOPLIST_KEY_UISupportedInterfaceOrientations_iPhone = "UIInterfaceOrientationPortrait UIInterfaceOrientationLandscapeLeft UIInterfaceOrientationLandscapeRight";
				LD_RUNPATH_SEARCH_PATHS = (
					"$(inherited)",
					"@executable_path/Frameworks",
				);
				MARKETING_VERSION = 1.0;
				PRODUCT_BUNDLE_IDENTIFIER = edu.fau.dzimmerman2021.PlasticityApp;
				PRODUCT_NAME = "$(TARGET_NAME)";
				SWIFT_EMIT_LOC_STRINGS = YES;
				SWIFT_VERSION = 5.0;
				TARGETED_DEVICE_FAMILY = "1,2";
			};
			name = Debug;
		};
		3730AFA9291EB85800612316 /* Release */ = {
			isa = XCBuildConfiguration;
			buildSettings = {
				ASSETCATALOG_COMPILER_APPICON_NAME = AppIcon;
				ASSETCATALOG_COMPILER_GLOBAL_ACCENT_COLOR_NAME = AccentColor;
				ASSETCATALOG_COMPILER_INCLUDE_ALL_APPICON_ASSETS = YES;
				CODE_SIGN_ENTITLEMENTS = Plasticiti/Plasticiti.entitlements;
				CODE_SIGN_STYLE = Automatic;
				CURRENT_PROJECT_VERSION = 1;
				DEVELOPMENT_TEAM = ZV83F2R479;
				GENERATE_INFOPLIST_FILE = YES;
				INFOPLIST_FILE = Plasticiti/Info.plist;
				INFOPLIST_KEY_UIApplicationSupportsIndirectInputEvents = YES;
				INFOPLIST_KEY_UILaunchStoryboardName = LaunchScreen;
				INFOPLIST_KEY_UIMainStoryboardFile = Main;
				INFOPLIST_KEY_UIRequiredDeviceCapabilities = gamekit;
				INFOPLIST_KEY_UISupportedInterfaceOrientations = UIInterfaceOrientationPortrait;
				INFOPLIST_KEY_UISupportedInterfaceOrientations_iPad = "UIInterfaceOrientationPortrait UIInterfaceOrientationPortraitUpsideDown UIInterfaceOrientationLandscapeLeft UIInterfaceOrientationLandscapeRight";
				INFOPLIST_KEY_UISupportedInterfaceOrientations_iPhone = "UIInterfaceOrientationPortrait UIInterfaceOrientationLandscapeLeft UIInterfaceOrientationLandscapeRight";
				LD_RUNPATH_SEARCH_PATHS = (
					"$(inherited)",
					"@executable_path/Frameworks",
				);
				MARKETING_VERSION = 1.0;
				PRODUCT_BUNDLE_IDENTIFIER = edu.fau.dzimmerman2021.PlasticityApp;
				PRODUCT_NAME = "$(TARGET_NAME)";
				SWIFT_EMIT_LOC_STRINGS = YES;
				SWIFT_VERSION = 5.0;
				TARGETED_DEVICE_FAMILY = "1,2";
			};
			name = Release;
		};
/* End XCBuildConfiguration section */

/* Begin XCConfigurationList section */
		3730AF8E291EB85700612316 /* Build configuration list for PBXProject "Plasticiti" */ = {
			isa = XCConfigurationList;
			buildConfigurations = (
				3730AFA5291EB85800612316 /* Debug */,
				3730AFA6291EB85800612316 /* Release */,
			);
			defaultConfigurationIsVisible = 0;
			defaultConfigurationName = Release;
		};
		3730AFA7291EB85800612316 /* Build configuration list for PBXNativeTarget "Plasticiti" */ = {
			isa = XCConfigurationList;
			buildConfigurations = (
				3730AFA8291EB85800612316 /* Debug */,
				3730AFA9291EB85800612316 /* Release */,
			);
			defaultConfigurationIsVisible = 0;
			defaultConfigurationName = Release;
		};
/* End XCConfigurationList section */
	};
	rootObject = 3730AF8B291EB85700612316 /* Project object */;
}
